
Microsoft Visual Studio Solution File, Format Version 12.00
# Visual Studio Version 16
VisualStudioVersion = 16.0.32630.194
MinimumVisualStudioVersion = 10.0.40219.1
Project("{FAE04EC0-301F-11D3-BF4B-00C04F79EFBC}") = "ChatLink", "ChatLink\ChatLink.csproj", "{98C7A11A-CA7F-46AE-A630-01EDE464347E}"
EndProject
Global
	GlobalSection(SolutionConfigurationPlatforms) = preSolution
		Debug|Any CPU = Debug|Any CPU
		Release|Any CPU = Release|Any CPU
	EndGlobalSection
	GlobalSection(ProjectConfigurationPlatforms) = postSolution
		{98C7A11A-CA7F-46AE-A630-01EDE464347E}.Debug|Any CPU.ActiveCfg = Debug|Any CPU
		{98C7A11A-CA7F-46AE-A630-01EDE464347E}.Debug|Any CPU.Build.0 = Debug|Any CPU
		{98C7A11A-CA7F-46AE-A630-01EDE464347E}.Release|Any CPU.ActiveCfg = Release|Any CPU
		{98C7A11A-CA7F-46AE-A630-01EDE464347E}.Release|Any CPU.Build.0 = Release|Any CPU
	EndGlobalSection
	GlobalSection(SolutionProperties) = preSolution
		HideSolutionNode = FALSE
	EndGlobalSection
	GlobalSection(ExtensibilityGlobals) = postSolution
		SolutionGuid = {D603B8CF-C34A-47B3-8575-5277A712C692}
	EndGlobalSection
EndGlobal
